<?xml version="1.0" encoding="utf-8"?>
<Project ToolsVersion="4.0" xmlns="http://schemas.microsoft.com/developer/msbuild/2003">
  <ItemGroup>
    <Filter Include="src">
      <UniqueIdentifier>{cafde424-cc34-446b-95ae-8e8b8c48b4a7}</UniqueIdentifier>
    </Filter>
    <Filter Include="include">
      <UniqueIdentifier>{0611dcf3-c64c-405e-98fe-1c43ac87bf25}</UniqueIdentifier>
    </Filter>
  </ItemGroup>
  <ItemGroup>
    <ClCompile Include="main.cpp" />
    <ClCompile Include="src\Window.cpp">
      <Filter>src</Filter>
    </ClCompile>
    <ClCompile Include="src\EnginePCH.cpp">
      <Filter>src</Filter>
    </ClCompile>
    <ClCompile Include="src\IModule.cpp">
      <Filter>src</Filter>
    </ClCompile>
    <ClCompile Include="src\Logger.cpp">
      <Filter>src</Filter>
    </ClCompile>
    <ClCompile Include="src\ykmMath.cpp">
      <Filter>src</Filter>
    </ClCompile>
    <ClCompile Include="src\RenderingModule.cpp">
      <Filter>src</Filter>
    </ClCompile>
  </ItemGroup>
  <ItemGroup>
    <ClInclude Include="include\Window.h">
      <Filter>include</Filter>
    </ClInclude>
    <ClInclude Include="include\EnginePCH.h">
      <Filter>include</Filter>
    </ClInclude>
    <ClInclude Include="include\IModule.h">
      <Filter>include</Filter>
    </ClInclude>
    <ClInclude Include="include\Logger.h">
      <Filter>include</Filter>
    </ClInclude>
    <ClInclude Include="include\ykmMath.h">
      <Filter>include</Filter>
    </ClInclude>
    <ClInclude Include="include\RenderingModule.h">
      <Filter>include</Filter>
    </ClInclude>
  </ItemGroup>
</Project>